
Microsoft Visual Studio Solution File, Format Version 12.00
# Visual Studio Version 17
VisualStudioVersion = 17.0.31903.59
MinimumVisualStudioVersion = 10.0.40219.1
Project("{2150E333-8FDC-42A3-9474-1A3956D46DE8}") = "Backend", "Backend", "{B54DA088-0831-4C29-8E68-00487C83DE76}"
EndProject
Project("{FAE04EC0-301F-11D3-BF4B-00C04F79EFBC}") = "AuctionService", "Backend\AuctionService\AuctionService.csproj", "{83BDAC46-32B8-4592-97F1-DC442DED8152}"
EndProject
Project("{FAE04EC0-301F-11D3-BF4B-00C04F79EFBC}") = "SearchService", "Backend\SearchService\SearchService.csproj", "{1A158828-8165-44E2-B734-F9CCF3280AC0}"
EndProject
Project("{FAE04EC0-301F-11D3-BF4B-00C04F79EFBC}") = "Contracts", "Backend\Contracts\Contracts.csproj", "{7FE2DE23-E0DA-4431-82AE-98B0FBFAE88A}"
EndProject
Project("{FAE04EC0-301F-11D3-BF4B-00C04F79EFBC}") = "IdentityService", "Backend\IdentityService\IdentityService.csproj", "{80767766-C880-4483-96EF-B6FD7ED21B26}"
EndProject
Project("{FAE04EC0-301F-11D3-BF4B-00C04F79EFBC}") = "GatewayService", "Backend\GatewayService\GatewayService.csproj", "{DF4954BC-CC8D-4A62-B2FC-11C7E24CA4C3}"
EndProject
Project("{FAE04EC0-301F-11D3-BF4B-00C04F79EFBC}") = "BiddingService", "Backend\BiddingService\BiddingService.csproj", "{32117289-A31E-49EE-97B9-98B1EEC3BE89}"
EndProject
Global
	GlobalSection(SolutionConfigurationPlatforms) = preSolution
		Debug|Any CPU = Debug|Any CPU
		Release|Any CPU = Release|Any CPU
	EndGlobalSection
	GlobalSection(SolutionProperties) = preSolution
		HideSolutionNode = FALSE
	EndGlobalSection
	GlobalSection(ProjectConfigurationPlatforms) = postSolution
		{83BDAC46-32B8-4592-97F1-DC442DED8152}.Debug|Any CPU.ActiveCfg = Debug|Any CPU
		{83BDAC46-32B8-4592-97F1-DC442DED8152}.Debug|Any CPU.Build.0 = Debug|Any CPU
		{83BDAC46-32B8-4592-97F1-DC442DED8152}.Release|Any CPU.ActiveCfg = Release|Any CPU
		{83BDAC46-32B8-4592-97F1-DC442DED8152}.Release|Any CPU.Build.0 = Release|Any CPU
		{1A158828-8165-44E2-B734-F9CCF3280AC0}.Debug|Any CPU.ActiveCfg = Debug|Any CPU
		{1A158828-8165-44E2-B734-F9CCF3280AC0}.Debug|Any CPU.Build.0 = Debug|Any CPU
		{1A158828-8165-44E2-B734-F9CCF3280AC0}.Release|Any CPU.ActiveCfg = Release|Any CPU
		{1A158828-8165-44E2-B734-F9CCF3280AC0}.Release|Any CPU.Build.0 = Release|Any CPU
		{7FE2DE23-E0DA-4431-82AE-98B0FBFAE88A}.Debug|Any CPU.ActiveCfg = Debug|Any CPU
		{7FE2DE23-E0DA-4431-82AE-98B0FBFAE88A}.Debug|Any CPU.Build.0 = Debug|Any CPU
		{7FE2DE23-E0DA-4431-82AE-98B0FBFAE88A}.Release|Any CPU.ActiveCfg = Release|Any CPU
		{7FE2DE23-E0DA-4431-82AE-98B0FBFAE88A}.Release|Any CPU.Build.0 = Release|Any CPU
		{80767766-C880-4483-96EF-B6FD7ED21B26}.Debug|Any CPU.ActiveCfg = Debug|Any CPU
		{80767766-C880-4483-96EF-B6FD7ED21B26}.Debug|Any CPU.Build.0 = Debug|Any CPU
		{80767766-C880-4483-96EF-B6FD7ED21B26}.Release|Any CPU.ActiveCfg = Release|Any CPU
		{80767766-C880-4483-96EF-B6FD7ED21B26}.Release|Any CPU.Build.0 = Release|Any CPU
		{DF4954BC-CC8D-4A62-B2FC-11C7E24CA4C3}.Debug|Any CPU.ActiveCfg = Debug|Any CPU
		{DF4954BC-CC8D-4A62-B2FC-11C7E24CA4C3}.Debug|Any CPU.Build.0 = Debug|Any CPU
		{DF4954BC-CC8D-4A62-B2FC-11C7E24CA4C3}.Release|Any CPU.ActiveCfg = Release|Any CPU
		{DF4954BC-CC8D-4A62-B2FC-11C7E24CA4C3}.Release|Any CPU.Build.0 = Release|Any CPU
		{32117289-A31E-49EE-97B9-98B1EEC3BE89}.Debug|Any CPU.ActiveCfg = Debug|Any CPU
		{32117289-A31E-49EE-97B9-98B1EEC3BE89}.Debug|Any CPU.Build.0 = Debug|Any CPU
		{32117289-A31E-49EE-97B9-98B1EEC3BE89}.Release|Any CPU.ActiveCfg = Release|Any CPU
		{32117289-A31E-49EE-97B9-98B1EEC3BE89}.Release|Any CPU.Build.0 = Release|Any CPU
	EndGlobalSection
	GlobalSection(NestedProjects) = preSolution
		{83BDAC46-32B8-4592-97F1-DC442DED8152} = {B54DA088-0831-4C29-8E68-00487C83DE76}
		{1A158828-8165-44E2-B734-F9CCF3280AC0} = {B54DA088-0831-4C29-8E68-00487C83DE76}
		{7FE2DE23-E0DA-4431-82AE-98B0FBFAE88A} = {B54DA088-0831-4C29-8E68-00487C83DE76}
		{80767766-C880-4483-96EF-B6FD7ED21B26} = {B54DA088-0831-4C29-8E68-00487C83DE76}
		{DF4954BC-CC8D-4A62-B2FC-11C7E24CA4C3} = {B54DA088-0831-4C29-8E68-00487C83DE76}
		{32117289-A31E-49EE-97B9-98B1EEC3BE89} = {B54DA088-0831-4C29-8E68-00487C83DE76}
	EndGlobalSection
EndGlobal
